{
    "_meta": {
        "hash": {
            "sha256": "93605fb76c89f66d5181158f44a4278739eafaed0df0335369e3edf1d919f574"
        },
        "host-environment-markers": {
            "implementation_name": "cpython",
            "implementation_version": "0",
            "os_name": "posix"
        },
        "pipfile-spec": 6,
        "requires": {},
        "sources": [
            {
                "name": "pypi",
                "url": "https://pypi.python.org/simple",
                "verify_ssl": true
            }
        ]
    },
    "default": {},
    "develop": {
        "alabaster": {
            "hashes": [
                "sha256:2eef172f44e8d301d25aff8068fddd65f767a3f04b5f15b0f4922f113aa1c732",
                "sha256:37cdcb9e9954ed60912ebc1ca12a9d12178c26637abdf124e3cde2341c257fe0"
            ],
            "version": "==0.7.10"
        },
        "astroid": {
            "hashes": [
                "sha256:39a21dd2b5d81a6731dc0ac2884fa419532dffd465cdd43ea6c168d36b76efb3",
                "sha256:492c2a2044adbf6a84a671b7522e9295ad2f6a7c781b899014308db25312dd35"
            ],
            "version": "==1.5.3"
        },
        "attrs": {
            "hashes": [
                "sha256:a7e0d9183f6457de12df7ba6a81f6569c7d6b25f67ad509b5ad52e8545970a2f",
                "sha256:5d4d1b99f94d69338f485984127e4473b3ab9e20f43821b0e546cc3b2302fd11"
            ],
            "version": "==17.2.0"
        },
        "babel": {
            "hashes": [
                "sha256:f20b2acd44f587988ff185d8949c3e208b4b3d5d20fcab7d91fe481ffa435528",
                "sha256:6007daf714d0cd5524bbe436e2d42b3c20e68da66289559341e48d2cd6d25811"
            ],
            "version": "==2.5.1"
        },
        "backports.functools-lru-cache": {
            "hashes": [
                "sha256:4ba998e881f285c1d1b73f5b6e3766539b4e162320f9589334400c5ddc35198c",
                "sha256:31f235852f88edc1558d428d890663c49eb4514ffec9f3650e7f3c9e4a12e36f"
            ],
            "version": "==1.4"
        },
        "betamax": {
            "hashes": [
                "sha256:91d5f6ca6b03901df93f9c0c2ac7fe1a0ff557bd6f30124ec73cefae00fc14a2",
                "sha256:82c480852a70a1bb57bd3f505107ffc293185e26fdaf45e538478e675fd9c8a1"
            ],
            "version": "==0.8.0"
        },
        "certifi": {
            "hashes": [
                "sha256:54a07c09c586b0e4c619f02a5e94e36619da8e2b053e20f594348c0611803704",
                "sha256:40523d2efb60523e113b44602298f0960e900388cf3bb6043f645cf57ea9e3f5"
            ],
            "version": "==2017.7.27.1"
        },
        "chardet": {
            "hashes": [
                "sha256:fc323ffcaeaed0e0a02bf4d117757b98aed530d9ed4531e3e15460124c106691",
                "sha256:84ab92ed1c4d4f16916e05906b6b75a6c0fb5db821cc65e70cbd64a3e2a5eaae"
            ],
            "version": "==3.0.4"
        },
        "configparser": {
            "hashes": [
                "sha256:5308b47021bc2340965c371f0f058cc6971a04502638d4244225c49d80db273a"
            ],
            "version": "==3.5.0"
        },
        "coverage": {
            "hashes": [
                "sha256:c1456f66c536010cf9e4633a8853a9153e8fd588393695295afd4d0fc16c1d74",
                "sha256:97a7ec51cdde3a386e390b159b20f247ccb478084d925c75f1faa3d26c01335e",
                "sha256:83e955b975666b5a07d217135e7797857ce844eb340a99e46cc25525120417c4",
                "sha256:483ed14080c5301048128bb027b77978c632dd9e92e3ecb09b7e28f5b92abfcf",
                "sha256:ef574ab9640bcfa2f3c671831faf03f65788945fdf8efa4d4a1fffc034838e2a",
                "sha256:c5a205b4da3c624f5119dc4d84240789b5906bb8468902ec22dcc4aad8aa4638",
                "sha256:5dea90ed140e7fa9bc00463313f9bc4a6e6aff297b4969615e7a688615c4c4d2",
                "sha256:f9e83b39d29c2815a38e4118d776b482d4082b5bf9c9147fbc99a3f83abe480a",
                "sha256:700040c354f0230287906b1276635552a3def4b646e0145555bc9e2e5da9e365",
                "sha256:7f1eacae700c66c3d7362a433b228599c9d94a5a3a52613dddd9474e04deb6bc",
                "sha256:13ef9f799c8fb45c446a239df68034de3a6f3de274881b088bebd7f5661f79f8",
                "sha256:dfb011587e2b7299112f08a2a60d2601706aac9abde37aa1177ea825adaed923",
                "sha256:381be5d31d3f0d912334cf2c159bc7bea6bfe6b0e3df6061a3bf2bf88359b1f6",
                "sha256:83a477ac4f55a6ef59552683a0544d47b68a85ce6a80fd0ca6b3dc767f6495fb",
                "sha256:dfd35f1979da31bcabbe27bcf78d4284d69870731874af629082590023a77336",
                "sha256:9681efc2d310cfc53863cc6f63e88ebe7a48124550fa822147996cb09390b6ab",
                "sha256:53770b20ac5b4a12e99229d4bae57af0945be87cc257fce6c6c7571a39f0c5d4",
                "sha256:8801880d32f11b6df11c32a961e186774b4634ae39d7c43235f5a24368a85f07",
                "sha256:16db2c69a1acbcb3c13211e9f954e22b22a729909d81f983b6b9badacc466eda",
                "sha256:ef43a06a960b46c73c018704051e023ee6082030f145841ffafc8728039d5a88",
                "sha256:c3e2736664a6074fc9bd54fb643f5af0fc60bfedb2963b3d3f98c7450335e34c",
                "sha256:17709e22e4c9f5412ba90f446fb13b245cc20bf4a60377021bbff6c0f1f63e7c",
                "sha256:a2f7106d1167825c4115794c2ba57cc3b15feb6183db5328fa66f94c12902d8b",
                "sha256:2a08e978f402696c6956eee9d1b7e95d3ad042959b71bafe1f3e4557cbd6e0ac",
                "sha256:57f510bb16efaec0b6f371b64a8000c62e7e3b3e48e8b0a5745ade078d849814",
                "sha256:0f1883eab9c19aa243f51308751b8a2a547b9b817b721cc0ecf3efb99fafbea7",
                "sha256:e00fe141e22ce6e9395aa24d862039eb180c6b7e89df0bbaf9765e9aebe560a9",
                "sha256:ec596e4401553caa6dd2e3349ce47f9ef82c1f1bcba5d8ac3342724f0df8d6ff",
                "sha256:c820a533a943ebc860acc0ce6a00dd36e0fdf2c6f619ff8225755169428c5fa2",
                "sha256:b7f7283eb7badd2b8a9c6a9d6eeca200a0a24db6be79baee2c11398f978edcaa",
                "sha256:a5ed27ad3e8420b2d6b625dcbd3e59488c14ccc06030167bcf14ffb0f4189b77",
                "sha256:d7b70b7b4eb14d0753d33253fe4f121ca99102612e2719f0993607deb30c6f33",
                "sha256:4047dc83773869701bde934fb3c4792648eda7c0e008a77a0aec64157d246801",
                "sha256:7a9c44400ee0f3b4546066e0710e1250fd75831adc02ab99dda176ad8726f424",
                "sha256:0f649e68db74b1b5b8ca4161d08eb2b8fa8ae11af1ebfb80e80e112eb0ef5300",
                "sha256:52964fae0fafef8bd283ad8e9a9665205a9fdf912535434defc0ec3def1da26b",
                "sha256:36aa6c8db83bc27346ddcd8c2a60846a7178ecd702672689d3ea1828eb1a4d11",
                "sha256:9824e15b387d331c0fc0fef905a539ab69784368a1d6ac3db864b4182e520948",
                "sha256:4a678e1b9619a29c51301af61ab84122e2f8cc7a0a6b40854b808ac6be604300",
                "sha256:8bb7c8dca54109b61013bc4114d96effbf10dea136722c586bce3a5d9fc4e730",
                "sha256:1a41d621aa9b6ab6457b557a754d50aaff0813fad3453434de075496fca8a183",
                "sha256:0fa423599fc3d9e18177f913552cdb34a8d9ad33efcf52a98c9d4b644edb42c5",
                "sha256:e61a4ba0b2686040cb4828297c7e37bcaf3a1a1c0bc0dbe46cc789dde51a80fa",
                "sha256:ce9ef0fc99d11d418662e36fd8de6d71b19ec87c2eab961a117cc9d087576e72"
            ],
            "version": "==4.4.1"
        },
        "docutils": {
            "hashes": [
                "sha256:7a4bd47eaf6596e1295ecb11361139febe29b084a87bf005bf899f9a42edc3c6",
                "sha256:02aec4bd92ab067f6ff27a38a38a41173bf01bed8f89157768c1573f53e474a6",
                "sha256:51e64ef2ebfb29cae1faa133b3710143496eca21c530f3f71424d77687764274"
            ],
            "version": "==0.14"
        },
        "dodgy": {
            "hashes": [
                "sha256:65e13cf878d7aff129f1461c13cb5fd1bb6dfe66bb5327e09379c3877763280c"
            ],
            "version": "==0.1.9"
        },
        "enum34": {
            "hashes": [
                "sha256:6bd0f6ad48ec2aa117d3d141940d484deccda84d4fcd884f5c3d93c23ecd8c79",
                "sha256:644837f692e5f550741432dd3f223bbb9852018674981b1664e5dc339387588a",
                "sha256:8ad8c4783bf61ded74527bffb48ed9b54166685e4230386a9ed9b1279e2df5b1",
                "sha256:2d81cbbe0e73112bdfe6ef8576f2238f2ba27dd0d55752a776c41d38b7da2850"
            ],
            "version": "==1.1.6"
        },
        "hypothesis": {
            "hashes": [
                "sha256:3f38febcbeb2a5e8e018a227bfc65284361e441b05b8bd28c063bfed870048d8",
                "sha256:811364b22e3fcf799b3d2c490d128910b5a91bf3455beec550ba21426f5cee06",
                "sha256:725dafaf0b6b8d9d380a051fbaa6eafb8499e67dc03aaae8e369daade38ccf4c"
            ],
            "version": "==3.30.3"
        },
        "idna": {
            "hashes": [
                "sha256:8c7309c718f94b3a625cb648ace320157ad16ff131ae0af362c9f21b80ef6ec4",
                "sha256:2c6a5de3089009e3da7c5dde64a141dbc8551d5b7f6cf4ed7c2568d0cc520a8f"
            ],
            "version": "==2.6"
        },
        "imagesize": {
            "hashes": [
                "sha256:6ebdc9e0ad188f9d1b2cdd9bc59cbe42bf931875e829e7a595e6b3abdc05cdfb",
                "sha256:0ab2c62b87987e3252f89d30b7cedbec12a01af9274af9ffa48108f2c13c6062"
            ],
            "version": "==0.7.1"
        },
        "isort": {
            "hashes": [
                "sha256:cd5d3fc2c16006b567a17193edf4ed9830d9454cbeb5a42ac80b36ea00c23db4",
                "sha256:79f46172d3a4e2e53e7016e663cc7a8b538bec525c36675fcfd2767df30b3983"
            ],
            "version": "==4.2.15"
        },
        "jinja2": {
            "hashes": [
                "sha256:2231bace0dfd8d2bf1e5d7e41239c06c9e0ded46e70cc1094a0aa64b0afeb054",
                "sha256:ddaa01a212cd6d641401cb01b605f4a4d9f37bfc93043d7f760ec70fb99ff9ff"
            ],
            "version": "==2.9.6"
        },
        "lazy-object-proxy": {
            "hashes": [
                "sha256:209615b0fe4624d79e50220ce3310ca1a9445fd8e6d3572a896e7f9146bbf019",
                "sha256:1b668120716eb7ee21d8a38815e5eb3bb8211117d9a90b0f8e21722c0758cc39",
                "sha256:cb924aa3e4a3fb644d0c463cad5bc2572649a6a3f68a7f8e4fbe44aaa6d77e4c",
                "sha256:2c1b21b44ac9beb0fc848d3993924147ba45c4ebc24be19825e57aabbe74a99e",
                "sha256:320ffd3de9699d3892048baee45ebfbbf9388a7d65d832d7e580243ade426d2b",
                "sha256:2df72ab12046a3496a92476020a1a0abf78b2a7db9ff4dc2036b8dd980203ae6",
                "sha256:27ea6fd1c02dcc78172a82fc37fcc0992a94e4cecf53cb6d73f11749825bd98b",
                "sha256:e5b9e8f6bda48460b7b143c3821b21b452cb3a835e6bbd5dd33aa0c8d3f5137d",
                "sha256:7661d401d60d8bf15bb5da39e4dd72f5d764c5aff5a86ef52a042506e3e970ff",
                "sha256:61a6cf00dcb1a7f0c773ed4acc509cb636af2d6337a08f362413c76b2b47a8dd",
                "sha256:bd6292f565ca46dee4e737ebcc20742e3b5be2b01556dafe169f6c65d088875f",
                "sha256:933947e8b4fbe617a51528b09851685138b49d511af0b6c0da2539115d6d4514",
                "sha256:d0fc7a286feac9077ec52a927fc9fe8fe2fabab95426722be4c953c9a8bede92",
                "sha256:7f3a2d740291f7f2c111d86a1c4851b70fb000a6c8883a59660d95ad57b9df35",
                "sha256:5276db7ff62bb7b52f77f1f51ed58850e315154249aceb42e7f4c611f0f847ff",
                "sha256:94223d7f060301b3a8c09c9b3bc3294b56b2188e7d8179c762a1cda72c979252",
                "sha256:6ae6c4cb59f199d8827c5a07546b2ab7e85d262acaccaacd49b62f53f7c456f7",
                "sha256:f460d1ceb0e4a5dcb2a652db0904224f367c9b3c1470d5a7683c0480e582468b",
                "sha256:e81ebf6c5ee9684be8f2c87563880f93eedd56dd2b6146d8a725b50b7e5adb0f",
                "sha256:81304b7d8e9c824d058087dcb89144842c8e0dea6d281c031f59f0acf66963d4",
                "sha256:ddc34786490a6e4ec0a855d401034cbd1242ef186c20d79d2166d6a4bd449577",
                "sha256:7bd527f36a605c914efca5d3d014170b2cb184723e423d26b1fb2fd9108e264d",
                "sha256:ab3ca49afcb47058393b0122428358d2fbe0408cf99f1b58b295cfeb4ed39109",
                "sha256:7cb54db3535c8686ea12e9535eb087d32421184eacc6939ef15ef50f83a5e7e2",
                "sha256:0ce34342b419bd8f018e6666bfef729aec3edf62345a53b537a4dcc115746a33",
                "sha256:e34b155e36fa9da7e1b7c738ed7767fc9491a62ec6af70fe9da4a057759edc2d",
                "sha256:50e3b9a464d5d08cc5227413db0d1c4707b6172e4d4d915c1c70e4de0bbff1f5",
                "sha256:27bf62cb2b1a2068d443ff7097ee33393f8483b570b475db8ebf7e1cba64f088",
                "sha256:eb91be369f945f10d3a49f5f9be8b3d0b93a4c2be8f8a5b83b0571b8123e0a7a"
            ],
            "version": "==1.3.1"
        },
        "logilab-common": {
            "hashes": [
                "sha256:ed1c60f32c3fa03dc2efaa730e606db1209d14b4769561ff0365aa584a29360a"
            ],
            "version": "==1.4.1"
        },
        "markupsafe": {
            "hashes": [
                "sha256:a6be69091dac236ea9c6bc7d012beab42010fa914c459791d627dad4910eb665"
            ],
            "version": "==1.0"
        },
        "mccabe": {
            "hashes": [
                "sha256:ab8a6258860da4b6677da4bd2fe5dc2c659cff31b3ee4f7f5d64e79735b80d42",
                "sha256:dd8d182285a0fe56bace7f45b5e7d1a6ebcbf524e8f3bd87eb0f125271b8831f"
            ],
            "version": "==0.6.1"
        },
        "nose": {
            "hashes": [
                "sha256:dadcddc0aefbf99eea214e0f1232b94f2fa9bd98fa8353711dacb112bfcbbb2a",
                "sha256:9ff7c6cc443f8c51994b34a667bbcf45afd6d945be7477b52e97516fd17c53ac",
                "sha256:f1bffef9cbc82628f6e7d7b40d7e255aefaa1adb6a1b1d26c69a8b79e6208a98"
            ],
            "version": "==1.3.7"
        },
        "nose-htmloutput": {
            "hashes": [
                "sha256:66024eee86be6d39fd45027d2485901643d0d5246f5c9a231800389bf26b91b4",
                "sha256:ab2d0dca21aa5a7ae280c6fb869882260b825d9ced368b557b9124cf51ffb119"
            ],
            "version": "==0.6.0"
        },
        "pep8-naming": {
            "hashes": [
                "sha256:1b419fa45b68b61cd8c5daf4e0c96d28915ad14d3d5f35fcc1e7e95324a33a2e",
                "sha256:4eedfd4c4b05e48796f74f5d8628c068ff788b9c2b08471ad408007fc6450e5a"
            ],
            "version": "==0.4.1"
        },
        "pluggy": {
            "hashes": [
                "sha256:bd60171dbb250fdebafad46ed16d97065369da40568ae948ef7117eee8536e94"
            ],
            "version": "==0.5.2"
        },
        "prospector": {
            "hashes": [
                "sha256:79b658fd86150054cbbefed6533efbf4d94c08f6a91da051604176f6da828a14"
            ],
            "version": "==0.12.7"
        },
        "py": {
            "hashes": [
                "sha256:2ccb79b01769d99115aa600d7eed99f524bf752bba8f041dc1c184853514655a",
                "sha256:0f2d585d22050e90c7d293b6451c83db097df77871974d90efd5a30dc12fcde3"
            ],
            "version": "==1.4.34"
        },
        "pycodestyle": {
            "hashes": [
                "sha256:2ce83f2046f5ab85c652ceceddfbde7a64a909900989b4b43e92b10b743d0ce5",
                "sha256:37f0420b14630b0eaaf452978f3a6ea4816d787c3e6dcbba6fb255030adae2e7"
            ],
            "version": "==2.0.0"
        },
        "pydocstyle": {
            "hashes": [
                "sha256:199fc5d0c03b737f0999613e2784bb5b47ad9ea0211b011ee5ea0afd51aa62e9",
                "sha256:49680b7ea8c18e911135167e9f6986a3829031b55f2c737e6d2c398df38aafb5"
            ],
            "version": "==2.0.0"
        },
        "pyflakes": {
            "hashes": [
                "sha256:08bd6a50edf8cffa9fa09a463063c425ecaaf10d1eb0335a7e8b1401aef89e6f",
                "sha256:8d616a382f243dbf19b54743f280b80198be0bca3a5396f1d2e1fca6223e8805"
            ],
            "version": "==1.6.0"
        },
        "pygments": {
            "hashes": [
                "sha256:78f3f434bcc5d6ee09020f92ba487f95ba50f1e3ef83ae96b9d5ffa1bab25c5d",
                "sha256:dbae1046def0efb574852fab9e90209b23f556367b5a320c0bcb871c77c3e8cc"
            ],
            "version": "==2.2.0"
        },
        "pylint": {
            "hashes": [
                "sha256:c7a3ee11db42d00334671b778f042793c837b73f5883132158284b7dbd6f8184",
                "sha256:ea6afb93a9ed810cf52ff3838eb3a15e2bf6a81b80de0eaede1ce442caa5ca69"
            ],
            "version": "==1.7.2"
        },
        "pylint-celery": {
            "hashes": [
                "sha256:41e32094e7408d15c044178ea828dd524beedbdbe6f83f712c5e35bde1de4beb"
            ],
            "version": "==0.3"
        },
        "pylint-common": {
            "hashes": [
                "sha256:3276b9e4db16f41cee656c78c74cfef3da383e8301e5b3b91146586ae5b53659"
            ],
            "version": "==0.2.5"
        },
        "pylint-django": {
            "hashes": [
                "sha256:b8e51d6b694401e23040ddafc3a4c7da92faaa1718b007ad66aa36e40ec84506"
            ],
            "version": "==0.7.2"
        },
        "pylint-flask": {
            "hashes": [
                "sha256:8fcdbb7cbf13d8c2ac1f2230b2aa1c1b83bb3ca2bd8b76f95561cb8757a305ec"
            ],
            "version": "==0.5"
        },
        "pylint-plugin-utils": {
            "hashes": [
                "sha256:053ade7c76f83242225b49d47624d9ecb803c60347e2c5127e97a19bf0c9f95e"
            ],
            "version": "==0.2.6"
        },
        "pytz": {
            "hashes": [
                "sha256:c883c2d6670042c7bc1688645cac73dd2b03193d1f7a6847b6154e96890be06d",
                "sha256:03c9962afe00e503e2d96abab4e8998a0f84d4230fa57afe1e0528473698cdd9",
                "sha256:487e7d50710661116325747a9cd1744d3323f8e49748e287bc9e659060ec6bf9",
                "sha256:43f52d4c6a0be301d53ebd867de05e2926c35728b3260157d274635a0a947f1c",
                "sha256:d1d6729c85acea5423671382868627129432fba9a89ecbb248d8d1c7a9f01c67",
                "sha256:54a935085f7bf101f86b2aff75bd9672b435f51c3339db2ff616e66845f2b8f9",
                "sha256:39504670abb5dae77f56f8eb63823937ce727d7cdd0088e6909e6dcac0f89043",
                "sha256:ddc93b6d41cfb81266a27d23a79e13805d4a5521032b512643af8729041a81b4",
                "sha256:f5c056e8f62d45ba8215e5cb8f50dfccb198b4b9fbea8500674f3443e4689589"
            ],
            "version": "==2017.2"
        },
        "pyyaml": {
            "hashes": [
                "sha256:3262c96a1ca437e7e4763e2843746588a965426550f3797a79fca9c6199c431f",
                "sha256:16b20e970597e051997d90dc2cddc713a2876c47e3d92d59ee198700c5427736",
                "sha256:e863072cdf4c72eebf179342c94e6989c67185842d9997960b3e69290b2fa269",
                "sha256:bc6bced57f826ca7cb5125a10b23fd0f2fff3b7c4701d64c439a300ce665fff8",
                "sha256:c01b880ec30b5a6e6aa67b09a2fe3fb30473008c85cd6a67359a1b15ed6d83a4",
                "sha256:827dc04b8fa7d07c44de11fabbc888e627fa8293b695e0f99cb544fdfa1bf0d1",
                "sha256:592766c6303207a20efc445587778322d7f73b161bd994f227adaa341ba212ab",
                "sha256:5f84523c076ad14ff5e6c037fe1c89a7f73a3e04cf0377cb4d017014976433f3",
                "sha256:0c507b7f74b3d2dd4d1322ec8a94794927305ab4cebbe89cc47fe5e81541e6e8",
                "sha256:b4c423ab23291d3945ac61346feeb9a0dc4184999ede5e7c43e1ffb975130ae6",
                "sha256:ca233c64c6e40eaa6c66ef97058cdc80e8d0157a443655baa1b2966e812807ca",
                "sha256:4474f8ea030b5127225b8894d626bb66c01cda098d47a2b0d3429b6700af9fd8",
                "sha256:326420cbb492172dec84b0f65c80942de6cedb5233c413dd824483989c000608",
                "sha256:5ac82e411044fb129bae5cfbeb3ba626acb2af31a8d17d175004b70862a741a7"
            ],
            "version": "==3.12"
        },
        "requests": {
            "hashes": [
                "sha256:6a1b267aa90cac58ac3a765d067950e7dbbf75b1da07e895d1f594193a40a38b",
                "sha256:9c443e7324ba5b85070c4a818ade28bfabedf16ea10206da1132edaa6dda237e"
            ],
            "version": "==2.18.4"
        },
        "requirements-detector": {
            "hashes": [
                "sha256:f790cc2d8a7084a5f111384a606363fb7b78d0e486d49b34c5093859eaa358f3"
            ],
            "version": "==0.5.2"
        },
        "setoptconf": {
            "hashes": [
                "sha256:5b0b5d8e0077713f5d5152d4f63be6f048d9a1bb66be15d089a11c898c3cf49c"
            ],
            "version": "==0.2.0"
        },
        "singledispatch": {
            "hashes": [
                "sha256:833b46966687b3de7f438c761ac475213e53b306740f1abfaa86e1d1aae56aa8",
                "sha256:5b06af87df13818d14f08a028e42f566640aef80805c3b50c5056b086e3c2b9c"
            ],
            "version": "==3.4.0.3"
        },
        "six": {
            "hashes": [
                "sha256:832dc0e10feb1aa2c68dcc57dbb658f1c7e65b9b61af69048abc87a2db00a0eb",
                "sha256:70e8a77beed4562e7f14fe23a786b54f6296e34344c23bc42f07b15018ff98e9"
            ],
            "version": "==1.11.0"
        },
        "snowballstemmer": {
            "hashes": [
                "sha256:9f3bcd3c401c3e862ec0ebe6d2c069ebc012ce142cce209c098ccb5b09136e89",
                "sha256:919f26a68b2c17a7634da993d91339e288964f93c274f1343e3bbbe2096e1128"
            ],
            "version": "==1.2.1"
        },
        "sphinx": {
            "hashes": [
                "sha256:3e70eb94f7e81b47e0545ebc26b758193b6c8b222e152ded99b9c972e971c731",
                "sha256:f101efd87fbffed8d8aca6ef307fec57693334f39d32efcbc2fc96ed129f4a3e"
            ],
            "version": "==1.6.4"
        },
        "sphinxcontrib-websupport": {
            "hashes": [
                "sha256:f4932e95869599b89bf4f80fc3989132d83c9faa5bf633e7b5e0c25dffb75da2",
                "sha256:7a85961326aa3a400cd4ad3c816d70ed6f7c740acd7ce5d78cd0a67825072eb9"
            ],
            "version": "==1.0.1"
        },
        "tox": {
            "hashes": [
                "sha256:49d88f2c217352c499450e9f61ca82fd9c8873d01a45555bb342a32f2b6753a2",
                "sha256:d9c279e707d2cfef8d77d10f13b38b3e68b7e470018b45747560f6c3c66d6b83"
            ],
            "version": "==2.8.2"
        },
        "typing": {
            "hashes": [
                "sha256:349b1f9c109c84b53ac79ac1d822eaa68fc91d63b321bd9392df15098f746f53",
                "sha256:63a8255fe7c6269916baa440eb9b6a67139b0b97a01af632e7bd2842e1e02f15",
                "sha256:d514bd84b284dd3e844f0305ac07511f097e325171f6cc4a20878d11ad771849"
            ],
            "version": "==3.6.2"
        },
        "urllib3": {
            "hashes": [
                "sha256:06330f386d6e4b195fbfc736b297f58c5a892e4440e54d294d7004e3a9bbea1b",
                "sha256:cc44da8e1145637334317feebd728bd869a35285b93cbb4cca2577da7e62db4f"
            ],
            "version": "==1.22"
        },
        "virtualenv": {
            "hashes": [
                "sha256:39d88b533b422825d644087a21e78c45cf5af0ef7a99a1fc9fbb7b481e5c85b0",
                "sha256:02f8102c2436bb03b3ee6dede1919d1dac8a427541652e5ec95171ec8adbc93a"
            ],
            "version": "==15.1.0"
        },
        "wrapt": {
            "hashes": [
                "sha256:d4d560d479f2c21e1b5443bbd15fe7ec4b37fe7e53d335d3b9b0a7b1226fe3c6"
            ],
            "version": "==1.10.11"
        }
    }
}
